
Microsoft Visual Studio Solution File, Format Version 12.00
# Visual Studio Version 16
VisualStudioVersion = 16.0.30011.22
MinimumVisualStudioVersion = 10.0.40219.1
Project("{9A19103F-16F7-4668-BE54-9A1E7A4F7556}") = "Taxi.Common", "Taxi.Common\Taxi.Common.csproj", "{8C928D4E-FEFB-43EC-BC08-7679BA99D4BC}"
EndProject
Project("{9A19103F-16F7-4668-BE54-9A1E7A4F7556}") = "Taxi.Web", "Taxi.Web\Taxi.Web.csproj", "{43CAFAA2-9316-42C5-B7A5-6E97B911358F}"
EndProject
Project("{9A19103F-16F7-4668-BE54-9A1E7A4F7556}") = "Taxi.Prism", "Taxi.Prism\Taxi.Prism\Taxi.Prism.csproj", "{03AA9ED4-1F2A-4000-A8BC-A2BB33DA34D2}"
EndProject
Project("{FAE04EC0-301F-11D3-BF4B-00C04F79EFBC}") = "Taxi.Prism.Android", "Taxi.Prism\Taxi.Prism.Android\Taxi.Prism.Android.csproj", "{71B5F9D0-0639-4396-B497-9845E729C323}"
EndProject
Project("{FAE04EC0-301F-11D3-BF4B-00C04F79EFBC}") = "Taxi.Prism.iOS", "Taxi.Prism\Taxi.Prism.iOS\Taxi.Prism.iOS.csproj", "{4377C695-62DB-4827-A69C-B97FC5A16FFF}"
EndProject
Project("{FAE04EC0-301F-11D3-BF4B-00C04F79EFBC}") = "Taxi.Cross.Android", "Taxi.Cross.Android\Taxi.Cross.Android.csproj", "{7937E648-690D-4749-9C30-469A54074DAE}"
EndProject
Project("{FAE04EC0-301F-11D3-BF4B-00C04F79EFBC}") = "Taxi.Cross.iOS", "Taxi.Cross.iOS\Taxi.Cross.iOS.csproj", "{89316829-3994-46DB-ADCB-D36BAC302FFB}"
EndProject
Global
	GlobalSection(SolutionConfigurationPlatforms) = preSolution
		Ad-Hoc|Any CPU = Ad-Hoc|Any CPU
		Ad-Hoc|iPhone = Ad-Hoc|iPhone
		Ad-Hoc|iPhoneSimulator = Ad-Hoc|iPhoneSimulator
		AppStore|Any CPU = AppStore|Any CPU
		AppStore|iPhone = AppStore|iPhone
		AppStore|iPhoneSimulator = AppStore|iPhoneSimulator
		Debug|Any CPU = Debug|Any CPU
		Debug|iPhone = Debug|iPhone
		Debug|iPhoneSimulator = Debug|iPhoneSimulator
		Release|Any CPU = Release|Any CPU
		Release|iPhone = Release|iPhone
		Release|iPhoneSimulator = Release|iPhoneSimulator
	EndGlobalSection
	GlobalSection(ProjectConfigurationPlatforms) = postSolution
		{8C928D4E-FEFB-43EC-BC08-7679BA99D4BC}.Ad-Hoc|Any CPU.ActiveCfg = Release|Any CPU
		{8C928D4E-FEFB-43EC-BC08-7679BA99D4BC}.Ad-Hoc|Any CPU.Build.0 = Release|Any CPU
		{8C928D4E-FEFB-43EC-BC08-7679BA99D4BC}.Ad-Hoc|iPhone.ActiveCfg = Release|Any CPU
		{8C928D4E-FEFB-43EC-BC08-7679BA99D4BC}.Ad-Hoc|iPhone.Build.0 = Release|Any CPU
		{8C928D4E-FEFB-43EC-BC08-7679BA99D4BC}.Ad-Hoc|iPhoneSimulator.ActiveCfg = Release|Any CPU
		{8C928D4E-FEFB-43EC-BC08-7679BA99D4BC}.Ad-Hoc|iPhoneSimulator.Build.0 = Release|Any CPU
		{8C928D4E-FEFB-43EC-BC08-7679BA99D4BC}.AppStore|Any CPU.ActiveCfg = Release|Any CPU
		{8C928D4E-FEFB-43EC-BC08-7679BA99D4BC}.AppStore|Any CPU.Build.0 = Release|Any CPU
		{8C928D4E-FEFB-43EC-BC08-7679BA99D4BC}.AppStore|iPhone.ActiveCfg = Release|Any CPU
		{8C928D4E-FEFB-43EC-BC08-7679BA99D4BC}.AppStore|iPhone.Build.0 = Release|Any CPU
		{8C928D4E-FEFB-43EC-BC08-7679BA99D4BC}.AppStore|iPhoneSimulator.ActiveCfg = Release|Any CPU
		{8C928D4E-FEFB-43EC-BC08-7679BA99D4BC}.AppStore|iPhoneSimulator.Build.0 = Release|Any CPU
		{8C928D4E-FEFB-43EC-BC08-7679BA99D4BC}.Debug|Any CPU.ActiveCfg = Debug|Any CPU
		{8C928D4E-FEFB-43EC-BC08-7679BA99D4BC}.Debug|Any CPU.Build.0 = Debug|Any CPU
		{8C928D4E-FEFB-43EC-BC08-7679BA99D4BC}.Debug|iPhone.ActiveCfg = Debug|Any CPU
		{8C928D4E-FEFB-43EC-BC08-7679BA99D4BC}.Debug|iPhone.Build.0 = Debug|Any CPU
		{8C928D4E-FEFB-43EC-BC08-7679BA99D4BC}.Debug|iPhoneSimulator.ActiveCfg = Debug|Any CPU
		{8C928D4E-FEFB-43EC-BC08-7679BA99D4BC}.Debug|iPhoneSimulator.Build.0 = Debug|Any CPU
		{8C928D4E-FEFB-43EC-BC08-7679BA99D4BC}.Release|Any CPU.ActiveCfg = Release|Any CPU
		{8C928D4E-FEFB-43EC-BC08-7679BA99D4BC}.Release|Any CPU.Build.0 = Release|Any CPU
		{8C928D4E-FEFB-43EC-BC08-7679BA99D4BC}.Release|iPhone.ActiveCfg = Release|Any CPU
		{8C928D4E-FEFB-43EC-BC08-7679BA99D4BC}.Release|iPhone.Build.0 = Release|Any CPU
		{8C928D4E-FEFB-43EC-BC08-7679BA99D4BC}.Release|iPhoneSimulator.ActiveCfg = Release|Any CPU
		{8C928D4E-FEFB-43EC-BC08-7679BA99D4BC}.Release|iPhoneSimulator.Build.0 = Release|Any CPU
		{43CAFAA2-9316-42C5-B7A5-6E97B911358F}.Ad-Hoc|Any CPU.ActiveCfg = Release|Any CPU
		{43CAFAA2-9316-42C5-B7A5-6E97B911358F}.Ad-Hoc|Any CPU.Build.0 = Release|Any CPU
		{43CAFAA2-9316-42C5-B7A5-6E97B911358F}.Ad-Hoc|iPhone.ActiveCfg = Release|Any CPU
		{43CAFAA2-9316-42C5-B7A5-6E97B911358F}.Ad-Hoc|iPhone.Build.0 = Release|Any CPU
		{43CAFAA2-9316-42C5-B7A5-6E97B911358F}.Ad-Hoc|iPhoneSimulator.ActiveCfg = Release|Any CPU
		{43CAFAA2-9316-42C5-B7A5-6E97B911358F}.Ad-Hoc|iPhoneSimulator.Build.0 = Release|Any CPU
		{43CAFAA2-9316-42C5-B7A5-6E97B911358F}.AppStore|Any CPU.ActiveCfg = Release|Any CPU
		{43CAFAA2-9316-42C5-B7A5-6E97B911358F}.AppStore|Any CPU.Build.0 = Release|Any CPU
		{43CAFAA2-9316-42C5-B7A5-6E97B911358F}.AppStore|iPhone.ActiveCfg = Release|Any CPU
		{43CAFAA2-9316-42C5-B7A5-6E97B911358F}.AppStore|iPhone.Build.0 = Release|Any CPU
		{43CAFAA2-9316-42C5-B7A5-6E97B911358F}.AppStore|iPhoneSimulator.ActiveCfg = Release|Any CPU
		{43CAFAA2-9316-42C5-B7A5-6E97B911358F}.AppStore|iPhoneSimulator.Build.0 = Release|Any CPU
		{43CAFAA2-9316-42C5-B7A5-6E97B911358F}.Debug|Any CPU.ActiveCfg = Debug|Any CPU
		{43CAFAA2-9316-42C5-B7A5-6E97B911358F}.Debug|Any CPU.Build.0 = Debug|Any CPU
		{43CAFAA2-9316-42C5-B7A5-6E97B911358F}.Debug|iPhone.ActiveCfg = Debug|Any CPU
		{43CAFAA2-9316-42C5-B7A5-6E97B911358F}.Debug|iPhone.Build.0 = Debug|Any CPU
		{43CAFAA2-9316-42C5-B7A5-6E97B911358F}.Debug|iPhoneSimulator.ActiveCfg = Debug|Any CPU
		{43CAFAA2-9316-42C5-B7A5-6E97B911358F}.Debug|iPhoneSimulator.Build.0 = Debug|Any CPU
		{43CAFAA2-9316-42C5-B7A5-6E97B911358F}.Release|Any CPU.ActiveCfg = Release|Any CPU
		{43CAFAA2-9316-42C5-B7A5-6E97B911358F}.Release|Any CPU.Build.0 = Release|Any CPU
		{43CAFAA2-9316-42C5-B7A5-6E97B911358F}.Release|iPhone.ActiveCfg = Release|Any CPU
		{43CAFAA2-9316-42C5-B7A5-6E97B911358F}.Release|iPhone.Build.0 = Release|Any CPU
		{43CAFAA2-9316-42C5-B7A5-6E97B911358F}.Release|iPhoneSimulator.ActiveCfg = Release|Any CPU
		{43CAFAA2-9316-42C5-B7A5-6E97B911358F}.Release|iPhoneSimulator.Build.0 = Release|Any CPU
		{03AA9ED4-1F2A-4000-A8BC-A2BB33DA34D2}.Ad-Hoc|Any CPU.ActiveCfg = Debug|Any CPU
		{03AA9ED4-1F2A-4000-A8BC-A2BB33DA34D2}.Ad-Hoc|Any CPU.Build.0 = Debug|Any CPU
		{03AA9ED4-1F2A-4000-A8BC-A2BB33DA34D2}.Ad-Hoc|iPhone.ActiveCfg = Debug|Any CPU
		{03AA9ED4-1F2A-4000-A8BC-A2BB33DA34D2}.Ad-Hoc|iPhone.Build.0 = Debug|Any CPU
		{03AA9ED4-1F2A-4000-A8BC-A2BB33DA34D2}.Ad-Hoc|iPhoneSimulator.ActiveCfg = Debug|Any CPU
		{03AA9ED4-1F2A-4000-A8BC-A2BB33DA34D2}.Ad-Hoc|iPhoneSimulator.Build.0 = Debug|Any CPU
		{03AA9ED4-1F2A-4000-A8BC-A2BB33DA34D2}.AppStore|Any CPU.ActiveCfg = Debug|Any CPU
		{03AA9ED4-1F2A-4000-A8BC-A2BB33DA34D2}.AppStore|Any CPU.Build.0 = Debug|Any CPU
		{03AA9ED4-1F2A-4000-A8BC-A2BB33DA34D2}.AppStore|iPhone.ActiveCfg = Debug|Any CPU
		{03AA9ED4-1F2A-4000-A8BC-A2BB33DA34D2}.AppStore|iPhone.Build.0 = Debug|Any CPU
		{03AA9ED4-1F2A-4000-A8BC-A2BB33DA34D2}.AppStore|iPhoneSimulator.ActiveCfg = Debug|Any CPU
		{03AA9ED4-1F2A-4000-A8BC-A2BB33DA34D2}.AppStore|iPhoneSimulator.Build.0 = Debug|Any CPU
		{03AA9ED4-1F2A-4000-A8BC-A2BB33DA34D2}.Debug|Any CPU.ActiveCfg = Debug|Any CPU
		{03AA9ED4-1F2A-4000-A8BC-A2BB33DA34D2}.Debug|Any CPU.Build.0 = Debug|Any CPU
		{03AA9ED4-1F2A-4000-A8BC-A2BB33DA34D2}.Debug|iPhone.ActiveCfg = Debug|Any CPU
		{03AA9ED4-1F2A-4000-A8BC-A2BB33DA34D2}.Debug|iPhone.Build.0 = Debug|Any CPU
		{03AA9ED4-1F2A-4000-A8BC-A2BB33DA34D2}.Debug|iPhoneSimulator.ActiveCfg = Debug|Any CPU
		{03AA9ED4-1F2A-4000-A8BC-A2BB33DA34D2}.Debug|iPhoneSimulator.Build.0 = Debug|Any CPU
		{03AA9ED4-1F2A-4000-A8BC-A2BB33DA34D2}.Release|Any CPU.ActiveCfg = Release|Any CPU
		{03AA9ED4-1F2A-4000-A8BC-A2BB33DA34D2}.Release|Any CPU.Build.0 = Release|Any CPU
		{03AA9ED4-1F2A-4000-A8BC-A2BB33DA34D2}.Release|iPhone.ActiveCfg = Release|Any CPU
		{03AA9ED4-1F2A-4000-A8BC-A2BB33DA34D2}.Release|iPhone.Build.0 = Release|Any CPU
		{03AA9ED4-1F2A-4000-A8BC-A2BB33DA34D2}.Release|iPhoneSimulator.ActiveCfg = Release|Any CPU
		{03AA9ED4-1F2A-4000-A8BC-A2BB33DA34D2}.Release|iPhoneSimulator.Build.0 = Release|Any CPU
		{71B5F9D0-0639-4396-B497-9845E729C323}.Ad-Hoc|Any CPU.ActiveCfg = Release|Any CPU
		{71B5F9D0-0639-4396-B497-9845E729C323}.Ad-Hoc|Any CPU.Build.0 = Release|Any CPU
		{71B5F9D0-0639-4396-B497-9845E729C323}.Ad-Hoc|Any CPU.Deploy.0 = Release|Any CPU
		{71B5F9D0-0639-4396-B497-9845E729C323}.Ad-Hoc|iPhone.ActiveCfg = Release|Any CPU
		{71B5F9D0-0639-4396-B497-9845E729C323}.Ad-Hoc|iPhone.Build.0 = Release|Any CPU
		{71B5F9D0-0639-4396-B497-9845E729C323}.Ad-Hoc|iPhone.Deploy.0 = Release|Any CPU
		{71B5F9D0-0639-4396-B497-9845E729C323}.Ad-Hoc|iPhoneSimulator.ActiveCfg = Release|Any CPU
		{71B5F9D0-0639-4396-B497-9845E729C323}.Ad-Hoc|iPhoneSimulator.Build.0 = Release|Any CPU
		{71B5F9D0-0639-4396-B497-9845E729C323}.Ad-Hoc|iPhoneSimulator.Deploy.0 = Release|Any CPU
		{71B5F9D0-0639-4396-B497-9845E729C323}.AppStore|Any CPU.ActiveCfg = Release|Any CPU
		{71B5F9D0-0639-4396-B497-9845E729C323}.AppStore|Any CPU.Build.0 = Release|Any CPU
		{71B5F9D0-0639-4396-B497-9845E729C323}.AppStore|Any CPU.Deploy.0 = Release|Any CPU
		{71B5F9D0-0639-4396-B497-9845E729C323}.AppStore|iPhone.ActiveCfg = Release|Any CPU
		{71B5F9D0-0639-4396-B497-9845E729C323}.AppStore|iPhone.Build.0 = Release|Any CPU
		{71B5F9D0-0639-4396-B497-9845E729C323}.AppStore|iPhone.Deploy.0 = Release|Any CPU
		{71B5F9D0-0639-4396-B497-9845E729C323}.AppStore|iPhoneSimulator.ActiveCfg = Release|Any CPU
		{71B5F9D0-0639-4396-B497-9845E729C323}.AppStore|iPhoneSimulator.Build.0 = Release|Any CPU
		{71B5F9D0-0639-4396-B497-9845E729C323}.AppStore|iPhoneSimulator.Deploy.0 = Release|Any CPU
		{71B5F9D0-0639-4396-B497-9845E729C323}.Debug|Any CPU.ActiveCfg = Debug|Any CPU
		{71B5F9D0-0639-4396-B497-9845E729C323}.Debug|Any CPU.Build.0 = Debug|Any CPU
		{71B5F9D0-0639-4396-B497-9845E729C323}.Debug|Any CPU.Deploy.0 = Debug|Any CPU
		{71B5F9D0-0639-4396-B497-9845E729C323}.Debug|iPhone.ActiveCfg = Debug|Any CPU
		{71B5F9D0-0639-4396-B497-9845E729C323}.Debug|iPhone.Build.0 = Debug|Any CPU
		{71B5F9D0-0639-4396-B497-9845E729C323}.Debug|iPhone.Deploy.0 = Debug|Any CPU
		{71B5F9D0-0639-4396-B497-9845E729C323}.Debug|iPhoneSimulator.ActiveCfg = Debug|Any CPU
		{71B5F9D0-0639-4396-B497-9845E729C323}.Debug|iPhoneSimulator.Build.0 = Debug|Any CPU
		{71B5F9D0-0639-4396-B497-9845E729C323}.Debug|iPhoneSimulator.Deploy.0 = Debug|Any CPU
		{71B5F9D0-0639-4396-B497-9845E729C323}.Release|Any CPU.ActiveCfg = Release|Any CPU
		{71B5F9D0-0639-4396-B497-9845E729C323}.Release|Any CPU.Build.0 = Release|Any CPU
		{71B5F9D0-0639-4396-B497-9845E729C323}.Release|Any CPU.Deploy.0 = Release|Any CPU
		{71B5F9D0-0639-4396-B497-9845E729C323}.Release|iPhone.ActiveCfg = Release|Any CPU
		{71B5F9D0-0639-4396-B497-9845E729C323}.Release|iPhone.Build.0 = Release|Any CPU
		{71B5F9D0-0639-4396-B497-9845E729C323}.Release|iPhone.Deploy.0 = Release|Any CPU
		{71B5F9D0-0639-4396-B497-9845E729C323}.Release|iPhoneSimulator.ActiveCfg = Release|Any CPU
		{71B5F9D0-0639-4396-B497-9845E729C323}.Release|iPhoneSimulator.Build.0 = Release|Any CPU
		{71B5F9D0-0639-4396-B497-9845E729C323}.Release|iPhoneSimulator.Deploy.0 = Release|Any CPU
		{4377C695-62DB-4827-A69C-B97FC5A16FFF}.Ad-Hoc|Any CPU.ActiveCfg = Ad-Hoc|iPhone
		{4377C695-62DB-4827-A69C-B97FC5A16FFF}.Ad-Hoc|iPhone.ActiveCfg = Ad-Hoc|iPhone
		{4377C695-62DB-4827-A69C-B97FC5A16FFF}.Ad-Hoc|iPhone.Build.0 = Ad-Hoc|iPhone
		{4377C695-62DB-4827-A69C-B97FC5A16FFF}.Ad-Hoc|iPhoneSimulator.ActiveCfg = Ad-Hoc|iPhoneSimulator
		{4377C695-62DB-4827-A69C-B97FC5A16FFF}.Ad-Hoc|iPhoneSimulator.Build.0 = Ad-Hoc|iPhoneSimulator
		{4377C695-62DB-4827-A69C-B97FC5A16FFF}.AppStore|Any CPU.ActiveCfg = AppStore|iPhone
		{4377C695-62DB-4827-A69C-B97FC5A16FFF}.AppStore|iPhone.ActiveCfg = AppStore|iPhone
		{4377C695-62DB-4827-A69C-B97FC5A16FFF}.AppStore|iPhone.Build.0 = AppStore|iPhone
		{4377C695-62DB-4827-A69C-B97FC5A16FFF}.AppStore|iPhoneSimulator.ActiveCfg = AppStore|iPhoneSimulator
		{4377C695-62DB-4827-A69C-B97FC5A16FFF}.AppStore|iPhoneSimulator.Build.0 = AppStore|iPhoneSimulator
		{4377C695-62DB-4827-A69C-B97FC5A16FFF}.Debug|Any CPU.ActiveCfg = Debug|iPhone
		{4377C695-62DB-4827-A69C-B97FC5A16FFF}.Debug|iPhone.ActiveCfg = Debug|iPhone
		{4377C695-62DB-4827-A69C-B97FC5A16FFF}.Debug|iPhone.Build.0 = Debug|iPhone
		{4377C695-62DB-4827-A69C-B97FC5A16FFF}.Debug|iPhoneSimulator.ActiveCfg = Debug|iPhoneSimulator
		{4377C695-62DB-4827-A69C-B97FC5A16FFF}.Debug|iPhoneSimulator.Build.0 = Debug|iPhoneSimulator
		{4377C695-62DB-4827-A69C-B97FC5A16FFF}.Release|Any CPU.ActiveCfg = Release|iPhone
		{4377C695-62DB-4827-A69C-B97FC5A16FFF}.Release|iPhone.ActiveCfg = Release|iPhone
		{4377C695-62DB-4827-A69C-B97FC5A16FFF}.Release|iPhone.Build.0 = Release|iPhone
		{4377C695-62DB-4827-A69C-B97FC5A16FFF}.Release|iPhoneSimulator.ActiveCfg = Release|iPhoneSimulator
		{4377C695-62DB-4827-A69C-B97FC5A16FFF}.Release|iPhoneSimulator.Build.0 = Release|iPhoneSimulator
		{7937E648-690D-4749-9C30-469A54074DAE}.Ad-Hoc|Any CPU.ActiveCfg = Release|Any CPU
		{7937E648-690D-4749-9C30-469A54074DAE}.Ad-Hoc|Any CPU.Build.0 = Release|Any CPU
		{7937E648-690D-4749-9C30-469A54074DAE}.Ad-Hoc|Any CPU.Deploy.0 = Release|Any CPU
		{7937E648-690D-4749-9C30-469A54074DAE}.Ad-Hoc|iPhone.ActiveCfg = Release|Any CPU
		{7937E648-690D-4749-9C30-469A54074DAE}.Ad-Hoc|iPhone.Build.0 = Release|Any CPU
		{7937E648-690D-4749-9C30-469A54074DAE}.Ad-Hoc|iPhone.Deploy.0 = Release|Any CPU
		{7937E648-690D-4749-9C30-469A54074DAE}.Ad-Hoc|iPhoneSimulator.ActiveCfg = Release|Any CPU
		{7937E648-690D-4749-9C30-469A54074DAE}.Ad-Hoc|iPhoneSimulator.Build.0 = Release|Any CPU
		{7937E648-690D-4749-9C30-469A54074DAE}.Ad-Hoc|iPhoneSimulator.Deploy.0 = Release|Any CPU
		{7937E648-690D-4749-9C30-469A54074DAE}.AppStore|Any CPU.ActiveCfg = Release|Any CPU
		{7937E648-690D-4749-9C30-469A54074DAE}.AppStore|Any CPU.Build.0 = Release|Any CPU
		{7937E648-690D-4749-9C30-469A54074DAE}.AppStore|Any CPU.Deploy.0 = Release|Any CPU
		{7937E648-690D-4749-9C30-469A54074DAE}.AppStore|iPhone.ActiveCfg = Release|Any CPU
		{7937E648-690D-4749-9C30-469A54074DAE}.AppStore|iPhone.Build.0 = Release|Any CPU
		{7937E648-690D-4749-9C30-469A54074DAE}.AppStore|iPhone.Deploy.0 = Release|Any CPU
		{7937E648-690D-4749-9C30-469A54074DAE}.AppStore|iPhoneSimulator.ActiveCfg = Release|Any CPU
		{7937E648-690D-4749-9C30-469A54074DAE}.AppStore|iPhoneSimulator.Build.0 = Release|Any CPU
		{7937E648-690D-4749-9C30-469A54074DAE}.AppStore|iPhoneSimulator.Deploy.0 = Release|Any CPU
		{7937E648-690D-4749-9C30-469A54074DAE}.Debug|Any CPU.ActiveCfg = Debug|Any CPU
		{7937E648-690D-4749-9C30-469A54074DAE}.Debug|Any CPU.Build.0 = Debug|Any CPU
		{7937E648-690D-4749-9C30-469A54074DAE}.Debug|Any CPU.Deploy.0 = Debug|Any CPU
		{7937E648-690D-4749-9C30-469A54074DAE}.Debug|iPhone.ActiveCfg = Debug|Any CPU
		{7937E648-690D-4749-9C30-469A54074DAE}.Debug|iPhone.Build.0 = Debug|Any CPU
		{7937E648-690D-4749-9C30-469A54074DAE}.Debug|iPhone.Deploy.0 = Debug|Any CPU
		{7937E648-690D-4749-9C30-469A54074DAE}.Debug|iPhoneSimulator.ActiveCfg = Debug|Any CPU
		{7937E648-690D-4749-9C30-469A54074DAE}.Debug|iPhoneSimulator.Build.0 = Debug|Any CPU
		{7937E648-690D-4749-9C30-469A54074DAE}.Debug|iPhoneSimulator.Deploy.0 = Debug|Any CPU
		{7937E648-690D-4749-9C30-469A54074DAE}.Release|Any CPU.ActiveCfg = Release|Any CPU
		{7937E648-690D-4749-9C30-469A54074DAE}.Release|Any CPU.Build.0 = Release|Any CPU
		{7937E648-690D-4749-9C30-469A54074DAE}.Release|Any CPU.Deploy.0 = Release|Any CPU
		{7937E648-690D-4749-9C30-469A54074DAE}.Release|iPhone.ActiveCfg = Release|Any CPU
		{7937E648-690D-4749-9C30-469A54074DAE}.Release|iPhone.Build.0 = Release|Any CPU
		{7937E648-690D-4749-9C30-469A54074DAE}.Release|iPhone.Deploy.0 = Release|Any CPU
		{7937E648-690D-4749-9C30-469A54074DAE}.Release|iPhoneSimulator.ActiveCfg = Release|Any CPU
		{7937E648-690D-4749-9C30-469A54074DAE}.Release|iPhoneSimulator.Build.0 = Release|Any CPU
		{7937E648-690D-4749-9C30-469A54074DAE}.Release|iPhoneSimulator.Deploy.0 = Release|Any CPU
		{89316829-3994-46DB-ADCB-D36BAC302FFB}.Ad-Hoc|Any CPU.ActiveCfg = Release|iPhone
		{89316829-3994-46DB-ADCB-D36BAC302FFB}.Ad-Hoc|Any CPU.Build.0 = Release|iPhone
		{89316829-3994-46DB-ADCB-D36BAC302FFB}.Ad-Hoc|iPhone.ActiveCfg = Release|iPhone
		{89316829-3994-46DB-ADCB-D36BAC302FFB}.Ad-Hoc|iPhone.Build.0 = Release|iPhone
		{89316829-3994-46DB-ADCB-D36BAC302FFB}.Ad-Hoc|iPhoneSimulator.ActiveCfg = Release|iPhoneSimulator
		{89316829-3994-46DB-ADCB-D36BAC302FFB}.Ad-Hoc|iPhoneSimulator.Build.0 = Release|iPhoneSimulator
		{89316829-3994-46DB-ADCB-D36BAC302FFB}.AppStore|Any CPU.ActiveCfg = Release|iPhone
		{89316829-3994-46DB-ADCB-D36BAC302FFB}.AppStore|Any CPU.Build.0 = Release|iPhone
		{89316829-3994-46DB-ADCB-D36BAC302FFB}.AppStore|iPhone.ActiveCfg = Release|iPhone
		{89316829-3994-46DB-ADCB-D36BAC302FFB}.AppStore|iPhone.Build.0 = Release|iPhone
		{89316829-3994-46DB-ADCB-D36BAC302FFB}.AppStore|iPhoneSimulator.ActiveCfg = Release|iPhoneSimulator
		{89316829-3994-46DB-ADCB-D36BAC302FFB}.AppStore|iPhoneSimulator.Build.0 = Release|iPhoneSimulator
		{89316829-3994-46DB-ADCB-D36BAC302FFB}.Debug|Any CPU.ActiveCfg = Debug|iPhone
		{89316829-3994-46DB-ADCB-D36BAC302FFB}.Debug|iPhone.ActiveCfg = Debug|iPhone
		{89316829-3994-46DB-ADCB-D36BAC302FFB}.Debug|iPhone.Build.0 = Debug|iPhone
		{89316829-3994-46DB-ADCB-D36BAC302FFB}.Debug|iPhoneSimulator.ActiveCfg = Debug|iPhoneSimulator
		{89316829-3994-46DB-ADCB-D36BAC302FFB}.Debug|iPhoneSimulator.Build.0 = Debug|iPhoneSimulator
		{89316829-3994-46DB-ADCB-D36BAC302FFB}.Release|Any CPU.ActiveCfg = Release|iPhone
		{89316829-3994-46DB-ADCB-D36BAC302FFB}.Release|iPhone.ActiveCfg = Release|iPhone
		{89316829-3994-46DB-ADCB-D36BAC302FFB}.Release|iPhone.Build.0 = Release|iPhone
		{89316829-3994-46DB-ADCB-D36BAC302FFB}.Release|iPhoneSimulator.ActiveCfg = Release|iPhoneSimulator
		{89316829-3994-46DB-ADCB-D36BAC302FFB}.Release|iPhoneSimulator.Build.0 = Release|iPhoneSimulator
	EndGlobalSection
	GlobalSection(SolutionProperties) = preSolution
		HideSolutionNode = FALSE
	EndGlobalSection
	GlobalSection(ExtensibilityGlobals) = postSolution
		SolutionGuid = {1CA350BA-1B7E-49DF-A4B9-F1AFB3A8B8B3}
	EndGlobalSection
EndGlobal
